[[package]]
name = "anyio"
version = "3.6.2"
description = "High level compatibility layer for multiple asynchronous event loop implementations"
category = "main"
optional = false
python-versions = ">=3.6.2"

[package.dependencies]
idna = ">=2.8"
sniffio = ">=1.1"

[package.extras]
doc = ["packaging", "sphinx-rtd-theme", "sphinx-autodoc-typehints (>=1.2.0)"]
test = ["coverage[toml] (>=4.5)", "hypothesis (>=4.0)", "pytest (>=7.0)", "pytest-mock (>=3.6.1)", "trustme", "contextlib2", "uvloop (<0.15)", "mock (>=4)", "uvloop (>=0.15)"]
trio = ["trio (>=0.16,<0.22)"]

[[package]]
name = "certifi"
version = "2022.12.7"
description = "Python package for providing Mozilla's CA Bundle."
category = "main"
optional = false
python-versions = ">=3.6"

[[package]]
name = "cf-clearance2"
version = "0.28.3"
description = "Purpose To make a cloudflare challenge pass successfully, Can be use cf_clearance bypassed by cloudflare, However, with the cf_clearance, make sure you use the same IP and UA as when you got it."
category = "main"
optional = false
python-versions = ">=3.7,<4"

[package.dependencies]
playwright = "*"

[[package]]
name = "greenlet"
version = "2.0.1"
description = "Lightweight in-process concurrent programming"
category = "main"
optional = false
python-versions = ">=2.7,!=3.0.*,!=3.1.*,!=3.2.*,!=3.3.*,!=3.4.*"

[package.extras]
docs = ["sphinx", "docutils (<0.18)"]
test = ["objgraph", "psutil", "faulthandler"]

[[package]]
name = "h11"
version = "0.14.0"
description = "A pure-Python, bring-your-own-I/O implementation of HTTP/1.1"
category = "main"
optional = false
python-versions = ">=3.7"

[[package]]
name = "httpcore"
version = "0.16.2"
description = "A minimal low-level HTTP client."
category = "main"
optional = false
python-versions = ">=3.7"

[package.dependencies]
anyio = ">=3.0,<5.0"
certifi = "*"
h11 = ">=0.13,<0.15"
sniffio = ">=1.0.0,<2.0.0"

[package.extras]
http2 = ["h2 (>=3,<5)"]
socks = ["socksio (>=1.0.0,<2.0.0)"]

[[package]]
name = "httpx"
version = "0.23.1"
description = "The next generation HTTP client."
category = "main"
optional = false
python-versions = ">=3.7"

[package.dependencies]
certifi = "*"
httpcore = ">=0.15.0,<0.17.0"
rfc3986 = {version = ">=1.3,<2", extras = ["idna2008"]}
sniffio = "*"

[package.extras]
brotli = ["brotli", "brotlicffi"]
cli = ["click (>=8.0.0,<9.0.0)", "pygments (>=2.0.0,<3.0.0)", "rich (>=10,<13)"]
http2 = ["h2 (>=3,<5)"]
socks = ["socksio (>=1.0.0,<2.0.0)"]

[[package]]
name = "idna"
version = "3.4"
description = "Internationalized Domain Names in Applications (IDNA)"
category = "main"
optional = false
python-versions = ">=3.5"

[[package]]
name = "nest-asyncio"
version = "1.5.6"
description = "Patch asyncio to allow nested event loops"
category = "main"
optional = false
python-versions = ">=3.5"

[[package]]
name = "openaiauth"
version = "0.0.6"
description = "OpenAI Authentication Reverse Engineered"
category = "main"
optional = false
python-versions = "*"

[package.dependencies]
tls-client = "*"

[[package]]
name = "playwright"
version = "1.28.0"
description = "A high-level API to automate web browsers"
category = "main"
optional = false
python-versions = ">=3.7"

[package.dependencies]
greenlet = "2.0.1"
pyee = "9.0.4"

[[package]]
name = "pyee"
version = "9.0.4"
description = "A port of node.js's EventEmitter to python."
category = "main"
optional = false
python-versions = "*"

[package.dependencies]
typing-extensions = "*"

[[package]]
name = "revchatgpt"
version = "0.0.44"
description = "ChatGPT is a reverse engineering of OpenAI's ChatGPT API"
category = "main"
optional = false
python-versions = "*"

[package.dependencies]
cf-clearance2 = ">=0.28.3"
httpx = "*"
nest-asyncio = "*"
OpenAIAuth = ">=0.0.6"
playwright = "*"

[[package]]
name = "rfc3986"
version = "1.5.0"
description = "Validating URI References per RFC 3986"
category = "main"
optional = false
python-versions = "*"

[package.dependencies]
idna = {version = "*", optional = true, markers = "extra == \"idna2008\""}

[package.extras]
idna2008 = ["idna"]

[[package]]
name = "slack-bolt"
version = "1.16.0"
description = "The Bolt Framework for Python"
category = "main"
optional = false
python-versions = ">=3.6"

[package.dependencies]
slack-sdk = ">=3.17.2,<4"

[package.extras]
adapter = ["boto3 (<=2)", "bottle (>=0.12,<1)", "chalice (>=1.26.5,<2)", "click (>=7,<8)", "CherryPy (>=18,<19)", "Django (>=3,<5)", "falcon (>=2,<4)", "fastapi (>=0.70.0,<1)", "Flask (>=1,<3)", "Werkzeug (>=2,<3)", "pyramid (>=1,<3)", "sanic (>=22,<23)", "starlette (>=0.14,<1)", "tornado (>=6,<7)", "uvicorn (<1)", "gunicorn (>=20,<21)", "websocket-client (>=1.2.3,<2)"]
adapter_testing = ["moto (>=3,<4)", "docker (>=5,<6)", "boddle (>=0.2,<0.3)", "Flask (>=1,<2)", "Werkzeug (>=1,<2)", "sanic-testing (>=0.7)", "requests (>=2,<3)"]
async = ["aiohttp (>=3,<4)", "websockets (>=10,<11)"]
testing = ["pytest (>=6.2.5,<7)", "pytest-cov (>=3,<4)", "Flask-Sockets (>=0.2,<1)", "Werkzeug (>=1,<2)", "itsdangerous (==2.0.1)", "Jinja2 (==3.0.3)", "black (==22.8.0)", "click (<=8.0.4)", "pytest-asyncio (>=0.18.2,<1)", "aiohttp (>=3,<4)"]
testing_without_asyncio = ["pytest (>=6.2.5,<7)", "pytest-cov (>=3,<4)", "Flask-Sockets (>=0.2,<1)", "Werkzeug (>=1,<2)", "itsdangerous (==2.0.1)", "Jinja2 (==3.0.3)", "black (==22.8.0)", "click (<=8.0.4)"]

[[package]]
name = "slack-sdk"
version = "3.19.5"
description = "The Slack API Platform SDK for Python"
category = "main"
optional = false
python-versions = ">=3.6.0"

[package.extras]
optional = ["aiodns (>1.0)", "aiohttp (>=3.7.3,<4)", "boto3 (<=2)", "SQLAlchemy (>=1,<2)", "websockets (>=10,<11)", "websocket-client (>=1,<2)"]
testing = ["pytest (>=6.2.5,<7)", "pytest-asyncio (<1)", "Flask-Sockets (>=0.2,<1)", "Flask (>=1,<2)", "Werkzeug (<2)", "itsdangerous (==1.1.0)", "Jinja2 (==3.0.3)", "pytest-cov (>=2,<3)", "codecov (>=2,<3)", "flake8 (>=5,<6)", "black (==22.8.0)", "click (==8.0.4)", "psutil (>=5,<6)", "databases (>=0.5)", "boto3 (<=2)", "moto (>=3,<4)"]

[[package]]
name = "sniffio"
version = "1.3.0"
description = "Sniff out which async library your code is running under"
category = "main"
optional = false
python-versions = ">=3.7"

[[package]]
name = "tls-client"
version = "0.1.5"
description = "Advanced Python HTTP Client."
category = "main"
optional = false
python-versions = "*"

[[package]]
name = "typing-extensions"
version = "4.4.0"
description = "Backported and Experimental Type Hints for Python 3.7+"
category = "main"
optional = false
python-versions = ">=3.7"

[metadata]
lock-version = "1.1"
python-versions = "3.10.4"
content-hash = "6d4cf325f1e8421beaff86bf37a87b6d15bfdb9e4a80c3991f19c0c187b752ff"

[metadata.files]
anyio = []
certifi = []
cf-clearance2 = []
greenlet = []
h11 = []
httpcore = []
httpx = []
idna = []
nest-asyncio = []
openaiauth = []
playwright = []
pyee = []
revchatgpt = []
rfc3986 = []
slack-bolt = []
slack-sdk = []
sniffio = []
tls-client = []
typing-extensions = []
